// !$*UTF8*$!
{
	archiveVersion = 1;
	classes = {
	};
	objectVersion = 48;
	objects = {

/* Begin PBXBuildFile section */
		57AB18F81E4CC3586FF1279D /* Pods_Breakpoint.framework in Frameworks */ = {isa = PBXBuildFile; fileRef = 1964605B2D24B745960D76E3 /* Pods_Breakpoint.framework */; };
		F42390F820925497004F0F65 /* GoogleService-Info.plist in Resources */ = {isa = PBXBuildFile; fileRef = F42390F720925497004F0F65 /* GoogleService-Info.plist */; };
		F42390FA209255FA004F0F65 /* DataService.swift in Sources */ = {isa = PBXBuildFile; fileRef = F42390F9209255FA004F0F65 /* DataService.swift */; };
		F42390FC20926C64004F0F65 /* InsetTextField.swift in Sources */ = {isa = PBXBuildFile; fileRef = F42390FB20926C64004F0F65 /* InsetTextField.swift */; };
		F42390FE20926E18004F0F65 /* ShadowView.swift in Sources */ = {isa = PBXBuildFile; fileRef = F42390FD20926E18004F0F65 /* ShadowView.swift */; };
		F4239100209275FE004F0F65 /* AuthService.swift in Sources */ = {isa = PBXBuildFile; fileRef = F42390FF209275FE004F0F65 /* AuthService.swift */; };
		F423910620927F3A004F0F65 /* LoginVC.swift in Sources */ = {isa = PBXBuildFile; fileRef = F423910520927F3A004F0F65 /* LoginVC.swift */; };
		F423910820927F4C004F0F65 /* AuthVC.swift in Sources */ = {isa = PBXBuildFile; fileRef = F423910720927F4C004F0F65 /* AuthVC.swift */; };
		F423910A2092CA71004F0F65 /* FeedVC.swift in Sources */ = {isa = PBXBuildFile; fileRef = F42391092092CA71004F0F65 /* FeedVC.swift */; };
		F423910C2092CA88004F0F65 /* GroupsVC.swift in Sources */ = {isa = PBXBuildFile; fileRef = F423910B2092CA88004F0F65 /* GroupsVC.swift */; };
		F423910E2092DAE2004F0F65 /* MeVC.swift in Sources */ = {isa = PBXBuildFile; fileRef = F423910D2092DAE2004F0F65 /* MeVC.swift */; };
		F4832BE9205E42C5003FA12D /* AppDelegate.swift in Sources */ = {isa = PBXBuildFile; fileRef = F4832BE8205E42C5003FA12D /* AppDelegate.swift */; };
		F4832BF0205E42C5003FA12D /* Main.storyboard in Resources */ = {isa = PBXBuildFile; fileRef = F4832BEE205E42C5003FA12D /* Main.storyboard */; };
		F4832BF2205E42C5003FA12D /* Assets.xcassets in Resources */ = {isa = PBXBuildFile; fileRef = F4832BF1205E42C5003FA12D /* Assets.xcassets */; };
		F4832BF5205E42C5003FA12D /* LaunchScreen.storyboard in Resources */ = {isa = PBXBuildFile; fileRef = F4832BF3205E42C5003FA12D /* LaunchScreen.storyboard */; };
		F4AA5256209BCB9E00986425 /* CreatePostVC.swift in Sources */ = {isa = PBXBuildFile; fileRef = F4AA5255209BCB9E00986425 /* CreatePostVC.swift */; };
/* End PBXBuildFile section */

/* Begin PBXFileReference section */
		055CC1CEBED650D394CBA01F /* Pods-Breakpoint.debug.xcconfig */ = {isa = PBXFileReference; includeInIndex = 1; lastKnownFileType = text.xcconfig; name = "Pods-Breakpoint.debug.xcconfig"; path = "Pods/Target Support Files/Pods-Breakpoint/Pods-Breakpoint.debug.xcconfig"; sourceTree = "<group>"; };
		11CE3F069FD4FC4DD0B7AA41 /* Pods-Breakpoint.release.xcconfig */ = {isa = PBXFileReference; includeInIndex = 1; lastKnownFileType = text.xcconfig; name = "Pods-Breakpoint.release.xcconfig"; path = "Pods/Target Support Files/Pods-Breakpoint/Pods-Breakpoint.release.xcconfig"; sourceTree = "<group>"; };
		1964605B2D24B745960D76E3 /* Pods_Breakpoint.framework */ = {isa = PBXFileReference; explicitFileType = wrapper.framework; includeInIndex = 0; path = Pods_Breakpoint.framework; sourceTree = BUILT_PRODUCTS_DIR; };
		F42390F720925497004F0F65 /* GoogleService-Info.plist */ = {isa = PBXFileReference; fileEncoding = 4; lastKnownFileType = text.plist.xml; path = "GoogleService-Info.plist"; sourceTree = "<group>"; };
		F42390F9209255FA004F0F65 /* DataService.swift */ = {isa = PBXFileReference; lastKnownFileType = sourcecode.swift; path = DataService.swift; sourceTree = "<group>"; };
		F42390FB20926C64004F0F65 /* InsetTextField.swift */ = {isa = PBXFileReference; lastKnownFileType = sourcecode.swift; path = InsetTextField.swift; sourceTree = "<group>"; };
		F42390FD20926E18004F0F65 /* ShadowView.swift */ = {isa = PBXFileReference; lastKnownFileType = sourcecode.swift; path = ShadowView.swift; sourceTree = "<group>"; };
		F42390FF209275FE004F0F65 /* AuthService.swift */ = {isa = PBXFileReference; lastKnownFileType = sourcecode.swift; path = AuthService.swift; sourceTree = "<group>"; };
		F423910520927F3A004F0F65 /* LoginVC.swift */ = {isa = PBXFileReference; lastKnownFileType = sourcecode.swift; path = LoginVC.swift; sourceTree = "<group>"; };
		F423910720927F4C004F0F65 /* AuthVC.swift */ = {isa = PBXFileReference; lastKnownFileType = sourcecode.swift; path = AuthVC.swift; sourceTree = "<group>"; };
		F42391092092CA71004F0F65 /* FeedVC.swift */ = {isa = PBXFileReference; lastKnownFileType = sourcecode.swift; path = FeedVC.swift; sourceTree = "<group>"; };
		F423910B2092CA88004F0F65 /* GroupsVC.swift */ = {isa = PBXFileReference; lastKnownFileType = sourcecode.swift; path = GroupsVC.swift; sourceTree = "<group>"; };
		F423910D2092DAE2004F0F65 /* MeVC.swift */ = {isa = PBXFileReference; lastKnownFileType = sourcecode.swift; path = MeVC.swift; sourceTree = "<group>"; };
		F4832BE5205E42C5003FA12D /* Breakpoint.app */ = {isa = PBXFileReference; explicitFileType = wrapper.application; includeInIndex = 0; path = Breakpoint.app; sourceTree = BUILT_PRODUCTS_DIR; };
		F4832BE8205E42C5003FA12D /* AppDelegate.swift */ = {isa = PBXFileReference; lastKnownFileType = sourcecode.swift; path = AppDelegate.swift; sourceTree = "<group>"; };
		F4832BEF205E42C5003FA12D /* Base */ = {isa = PBXFileReference; lastKnownFileType = file.storyboard; name = Base; path = Base.lproj/Main.storyboard; sourceTree = "<group>"; };
		F4832BF1205E42C5003FA12D /* Assets.xcassets */ = {isa = PBXFileReference; lastKnownFileType = folder.assetcatalog; path = Assets.xcassets; sourceTree = "<group>"; };
		F4832BF4205E42C5003FA12D /* Base */ = {isa = PBXFileReference; lastKnownFileType = file.storyboard; name = Base; path = Base.lproj/LaunchScreen.storyboard; sourceTree = "<group>"; };
		F4832BF6205E42C5003FA12D /* Info.plist */ = {isa = PBXFileReference; lastKnownFileType = text.plist.xml; path = Info.plist; sourceTree = "<group>"; };
		F4AA5255209BCB9E00986425 /* CreatePostVC.swift */ = {isa = PBXFileReference; lastKnownFileType = sourcecode.swift; path = CreatePostVC.swift; sourceTree = "<group>"; };
/* End PBXFileReference section */

/* Begin PBXFrameworksBuildPhase section */
		F4832BE2205E42C5003FA12D /* Frameworks */ = {
			isa = PBXFrameworksBuildPhase;
			buildActionMask = 2147483647;
			files = (
				57AB18F81E4CC3586FF1279D /* Pods_Breakpoint.framework in Frameworks */,
			);
			runOnlyForDeploymentPostprocessing = 0;
		};
/* End PBXFrameworksBuildPhase section */

/* Begin PBXGroup section */
		2C467660289EF969A77B6B9D /* Frameworks */ = {
			isa = PBXGroup;
			children = (
				1964605B2D24B745960D76E3 /* Pods_Breakpoint.framework */,
			);
			name = Frameworks;
			sourceTree = "<group>";
		};
		3D58419DC9E454F43CA60BAF /* Pods */ = {
			isa = PBXGroup;
			children = (
				055CC1CEBED650D394CBA01F /* Pods-Breakpoint.debug.xcconfig */,
				11CE3F069FD4FC4DD0B7AA41 /* Pods-Breakpoint.release.xcconfig */,
			);
			name = Pods;
			sourceTree = "<group>";
		};
		F4832BDC205E42C5003FA12D = {
			isa = PBXGroup;
			children = (
				F4832BE7205E42C5003FA12D /* Breakpoint */,
				F4832BE6205E42C5003FA12D /* Products */,
				3D58419DC9E454F43CA60BAF /* Pods */,
				2C467660289EF969A77B6B9D /* Frameworks */,
			);
			sourceTree = "<group>";
		};
		F4832BE6205E42C5003FA12D /* Products */ = {
			isa = PBXGroup;
			children = (
				F4832BE5205E42C5003FA12D /* Breakpoint.app */,
			);
			name = Products;
			sourceTree = "<group>";
		};
		F4832BE7205E42C5003FA12D /* Breakpoint */ = {
			isa = PBXGroup;
			children = (
				F4832C00205E45B5003FA12D /* Services */,
				F4832BFF205E4586003FA12D /* Extensions */,
				F4832BFE205E456F003FA12D /* Model */,
				F4832BFD205E4567003FA12D /* View */,
				F4832BFC205E4552003FA12D /* Controller */,
				F4832BE8205E42C5003FA12D /* AppDelegate.swift */,
				F4832BEE205E42C5003FA12D /* Main.storyboard */,
				F4832BF1205E42C5003FA12D /* Assets.xcassets */,
				F4832BF3205E42C5003FA12D /* LaunchScreen.storyboard */,
				F4832BF6205E42C5003FA12D /* Info.plist */,
				F42390F720925497004F0F65 /* GoogleService-Info.plist */,
			);
			path = Breakpoint;
			sourceTree = "<group>";
		};
		F4832BFC205E4552003FA12D /* Controller */ = {
			isa = PBXGroup;
			children = (
				F423910520927F3A004F0F65 /* LoginVC.swift */,
				F423910720927F4C004F0F65 /* AuthVC.swift */,
				F42391092092CA71004F0F65 /* FeedVC.swift */,
				F423910B2092CA88004F0F65 /* GroupsVC.swift */,
				F423910D2092DAE2004F0F65 /* MeVC.swift */,
				F4AA5255209BCB9E00986425 /* CreatePostVC.swift */,
			);
			path = Controller;
			sourceTree = "<group>";
		};
		F4832BFD205E4567003FA12D /* View */ = {
			isa = PBXGroup;
			children = (
				F42390FB20926C64004F0F65 /* InsetTextField.swift */,
				F42390FD20926E18004F0F65 /* ShadowView.swift */,
			);
			path = View;
			sourceTree = "<group>";
		};
		F4832BFE205E456F003FA12D /* Model */ = {
			isa = PBXGroup;
			children = (
			);
			path = Model;
			sourceTree = "<group>";
		};
		F4832BFF205E4586003FA12D /* Extensions */ = {
			isa = PBXGroup;
			children = (
			);
			path = Extensions;
			sourceTree = "<group>";
		};
		F4832C00205E45B5003FA12D /* Services */ = {
			isa = PBXGroup;
			children = (
				F42390F9209255FA004F0F65 /* DataService.swift */,
				F42390FF209275FE004F0F65 /* AuthService.swift */,
			);
			path = Services;
			sourceTree = "<group>";
		};
/* End PBXGroup section */

/* Begin PBXNativeTarget section */
		F4832BE4205E42C5003FA12D /* Breakpoint */ = {
			isa = PBXNativeTarget;
			buildConfigurationList = F4832BF9205E42C5003FA12D /* Build configuration list for PBXNativeTarget "Breakpoint" */;
			buildPhases = (
				1E6587319A7DA0194259169A /* [CP] Check Pods Manifest.lock */,
				F4832BE1205E42C5003FA12D /* Sources */,
				F4832BE2205E42C5003FA12D /* Frameworks */,
				F4832BE3205E42C5003FA12D /* Resources */,
				5302D592230087159EA8674B /* [CP] Embed Pods Frameworks */,
				976AC824CC87C68E14F776E8 /* [CP] Copy Pods Resources */,
			);
			buildRules = (
			);
			dependencies = (
			);
			name = Breakpoint;
			productName = Breakpoint;
			productReference = F4832BE5205E42C5003FA12D /* Breakpoint.app */;
			productType = "com.apple.product-type.application";
		};
/* End PBXNativeTarget section */

/* Begin PBXProject section */
		F4832BDD205E42C5003FA12D /* Project object */ = {
			isa = PBXProject;
			attributes = {
				LastSwiftUpdateCheck = 0920;
				LastUpgradeCheck = 0920;
				ORGANIZATIONNAME = "Kadeem Palacios";
				TargetAttributes = {
					F4832BE4205E42C5003FA12D = {
						CreatedOnToolsVersion = 9.2;
						ProvisioningStyle = Automatic;
					};
				};
			};
			buildConfigurationList = F4832BE0205E42C5003FA12D /* Build configuration list for PBXProject "Breakpoint" */;
			compatibilityVersion = "Xcode 8.0";
			developmentRegion = en;
			hasScannedForEncodings = 0;
			knownRegions = (
				en,
				Base,
			);
			mainGroup = F4832BDC205E42C5003FA12D;
			productRefGroup = F4832BE6205E42C5003FA12D /* Products */;
			projectDirPath = "";
			projectRoot = "";
			targets = (
				F4832BE4205E42C5003FA12D /* Breakpoint */,
			);
		};
/* End PBXProject section */

/* Begin PBXResourcesBuildPhase section */
		F4832BE3205E42C5003FA12D /* Resources */ = {
			isa = PBXResourcesBuildPhase;
			buildActionMask = 2147483647;
			files = (
				F4832BF5205E42C5003FA12D /* LaunchScreen.storyboard in Resources */,
				F42390F820925497004F0F65 /* GoogleService-Info.plist in Resources */,
				F4832BF2205E42C5003FA12D /* Assets.xcassets in Resources */,
				F4832BF0205E42C5003FA12D /* Main.storyboard in Resources */,
			);
			runOnlyForDeploymentPostprocessing = 0;
		};
/* End PBXResourcesBuildPhase section */

/* Begin PBXShellScriptBuildPhase section */
		1E6587319A7DA0194259169A /* [CP] Check Pods Manifest.lock */ = {
			isa = PBXShellScriptBuildPhase;
			buildActionMask = 2147483647;
			files = (
			);
			inputPaths = (
				"${PODS_PODFILE_DIR_PATH}/Podfile.lock",
				"${PODS_ROOT}/Manifest.lock",
			);
			name = "[CP] Check Pods Manifest.lock";
			outputPaths = (
				"$(DERIVED_FILE_DIR)/Pods-Breakpoint-checkManifestLockResult.txt",
			);
			runOnlyForDeploymentPostprocessing = 0;
			shellPath = /bin/sh;
			shellScript = "diff \"${PODS_PODFILE_DIR_PATH}/Podfile.lock\" \"${PODS_ROOT}/Manifest.lock\" > /dev/null\nif [ $? != 0 ] ; then\n    # print error to STDERR\n    echo \"error: The sandbox is not in sync with the Podfile.lock. Run 'pod install' or update your CocoaPods installation.\" >&2\n    exit 1\nfi\n# This output is used by Xcode 'outputs' to avoid re-running this script phase.\necho \"SUCCESS\" > \"${SCRIPT_OUTPUT_FILE_0}\"\n";
			showEnvVarsInLog = 0;
		};
		5302D592230087159EA8674B /* [CP] Embed Pods Frameworks */ = {
			isa = PBXShellScriptBuildPhase;
			buildActionMask = 2147483647;
			files = (
			);
			inputPaths = (
				"${SRCROOT}/Pods/Target Support Files/Pods-Breakpoint/Pods-Breakpoint-frameworks.sh",
				"${BUILT_PRODUCTS_DIR}/Bolts/Bolts.framework",
				"${BUILT_PRODUCTS_DIR}/FBSDKCoreKit/FBSDKCoreKit.framework",
				"${BUILT_PRODUCTS_DIR}/FBSDKLoginKit/FBSDKLoginKit.framework",
				"${BUILT_PRODUCTS_DIR}/GTMSessionFetcher/GTMSessionFetcher.framework",
				"${BUILT_PRODUCTS_DIR}/GoogleToolboxForMac/GoogleToolboxForMac.framework",
				"${BUILT_PRODUCTS_DIR}/leveldb-library/leveldb.framework",
				"${BUILT_PRODUCTS_DIR}/nanopb/nanopb.framework",
			);
			name = "[CP] Embed Pods Frameworks";
			outputPaths = (
				"${TARGET_BUILD_DIR}/${FRAMEWORKS_FOLDER_PATH}/Bolts.framework",
				"${TARGET_BUILD_DIR}/${FRAMEWORKS_FOLDER_PATH}/FBSDKCoreKit.framework",
				"${TARGET_BUILD_DIR}/${FRAMEWORKS_FOLDER_PATH}/FBSDKLoginKit.framework",
				"${TARGET_BUILD_DIR}/${FRAMEWORKS_FOLDER_PATH}/GTMSessionFetcher.framework",
				"${TARGET_BUILD_DIR}/${FRAMEWORKS_FOLDER_PATH}/GoogleToolboxForMac.framework",
				"${TARGET_BUILD_DIR}/${FRAMEWORKS_FOLDER_PATH}/leveldb.framework",
				"${TARGET_BUILD_DIR}/${FRAMEWORKS_FOLDER_PATH}/nanopb.framework",
			);
			runOnlyForDeploymentPostprocessing = 0;
			shellPath = /bin/sh;
			shellScript = "\"${SRCROOT}/Pods/Target Support Files/Pods-Breakpoint/Pods-Breakpoint-frameworks.sh\"\n";
			showEnvVarsInLog = 0;
		};
		976AC824CC87C68E14F776E8 /* [CP] Copy Pods Resources */ = {
			isa = PBXShellScriptBuildPhase;
			buildActionMask = 2147483647;
			files = (
			);
			inputPaths = (
			);
			name = "[CP] Copy Pods Resources";
			outputPaths = (
			);
			runOnlyForDeploymentPostprocessing = 0;
			shellPath = /bin/sh;
			shellScript = "\"${SRCROOT}/Pods/Target Support Files/Pods-Breakpoint/Pods-Breakpoint-resources.sh\"\n";
			showEnvVarsInLog = 0;
		};
/* End PBXShellScriptBuildPhase section */

/* Begin PBXSourcesBuildPhase section */
		F4832BE1205E42C5003FA12D /* Sources */ = {
			isa = PBXSourcesBuildPhase;
			buildActionMask = 2147483647;
			files = (
				F423910E2092DAE2004F0F65 /* MeVC.swift in Sources */,
				F42390FE20926E18004F0F65 /* ShadowView.swift in Sources */,
				F4832BE9205E42C5003FA12D /* AppDelegate.swift in Sources */,
				F423910620927F3A004F0F65 /* LoginVC.swift in Sources */,
				F423910C2092CA88004F0F65 /* GroupsVC.swift in Sources */,
				F4239100209275FE004F0F65 /* AuthService.swift in Sources */,
				F423910A2092CA71004F0F65 /* FeedVC.swift in Sources */,
				F4AA5256209BCB9E00986425 /* CreatePostVC.swift in Sources */,
				F423910820927F4C004F0F65 /* AuthVC.swift in Sources */,
				F42390FA209255FA004F0F65 /* DataService.swift in Sources */,
				F42390FC20926C64004F0F65 /* InsetTextField.swift in Sources */,
			);
			runOnlyForDeploymentPostprocessing = 0;
		};
/* End PBXSourcesBuildPhase section */

/* Begin PBXVariantGroup section */
		F4832BEE205E42C5003FA12D /* Main.storyboard */ = {
			isa = PBXVariantGroup;
			children = (
				F4832BEF205E42C5003FA12D /* Base */,
			);
			name = Main.storyboard;
			sourceTree = "<group>";
		};
		F4832BF3205E42C5003FA12D /* LaunchScreen.storyboard */ = {
			isa = PBXVariantGroup;
			children = (
				F4832BF4205E42C5003FA12D /* Base */,
			);
			name = LaunchScreen.storyboard;
			sourceTree = "<group>";
		};
/* End PBXVariantGroup section */

/* Begin XCBuildConfiguration section */
		F4832BF7205E42C5003FA12D /* Debug */ = {
			isa = XCBuildConfiguration;
			buildSettings = {
				ALWAYS_SEARCH_USER_PATHS = NO;
				CLANG_ANALYZER_NONNULL = YES;
				CLANG_ANALYZER_NUMBER_OBJECT_CONVERSION = YES_AGGRESSIVE;
				CLANG_CXX_LANGUAGE_STANDARD = "gnu++14";
				CLANG_CXX_LIBRARY = "libc++";
				CLANG_ENABLE_MODULES = YES;
				CLANG_ENABLE_OBJC_ARC = YES;
				CLANG_WARN_BLOCK_CAPTURE_AUTORELEASING = YES;
				CLANG_WARN_BOOL_CONVERSION = YES;
				CLANG_WARN_COMMA = YES;
				CLANG_WARN_CONSTANT_CONVERSION = YES;
				CLANG_WARN_DIRECT_OBJC_ISA_USAGE = YES_ERROR;
				CLANG_WARN_DOCUMENTATION_COMMENTS = YES;
				CLANG_WARN_EMPTY_BODY = YES;
				CLANG_WARN_ENUM_CONVERSION = YES;
				CLANG_WARN_INFINITE_RECURSION = YES;
				CLANG_WARN_INT_CONVERSION = YES;
				CLANG_WARN_NON_LITERAL_NULL_CONVERSION = YES;
				CLANG_WARN_OBJC_LITERAL_CONVERSION = YES;
				CLANG_WARN_OBJC_ROOT_CLASS = YES_ERROR;
				CLANG_WARN_RANGE_LOOP_ANALYSIS = YES;
				CLANG_WARN_STRICT_PROTOTYPES = YES;
				CLANG_WARN_SUSPICIOUS_MOVE = YES;
				CLANG_WARN_UNGUARDED_AVAILABILITY = YES_AGGRESSIVE;
				CLANG_WARN_UNREACHABLE_CODE = YES;
				CLANG_WARN__DUPLICATE_METHOD_MATCH = YES;
				CODE_SIGN_IDENTITY = "iPhone Developer";
				COPY_PHASE_STRIP = NO;
				DEBUG_INFORMATION_FORMAT = dwarf;
				ENABLE_STRICT_OBJC_MSGSEND = YES;
				ENABLE_TESTABILITY = YES;
				GCC_C_LANGUAGE_STANDARD = gnu11;
				GCC_DYNAMIC_NO_PIC = NO;
				GCC_NO_COMMON_BLOCKS = YES;
				GCC_OPTIMIZATION_LEVEL = 0;
				GCC_PREPROCESSOR_DEFINITIONS = (
					"DEBUG=1",
					"$(inherited)",
				);
				GCC_WARN_64_TO_32_BIT_CONVERSION = YES;
				GCC_WARN_ABOUT_RETURN_TYPE = YES_ERROR;
				GCC_WARN_UNDECLARED_SELECTOR = YES;
				GCC_WARN_UNINITIALIZED_AUTOS = YES_AGGRESSIVE;
				GCC_WARN_UNUSED_FUNCTION = YES;
				GCC_WARN_UNUSED_VARIABLE = YES;
				IPHONEOS_DEPLOYMENT_TARGET = 11.2;
				MTL_ENABLE_DEBUG_INFO = YES;
				ONLY_ACTIVE_ARCH = YES;
				SDKROOT = iphoneos;
				SWIFT_ACTIVE_COMPILATION_CONDITIONS = DEBUG;
				SWIFT_OPTIMIZATION_LEVEL = "-Onone";
			};
			name = Debug;
		};
		F4832BF8205E42C5003FA12D /* Release */ = {
			isa = XCBuildConfiguration;
			buildSettings = {
				ALWAYS_SEARCH_USER_PATHS = NO;
				CLANG_ANALYZER_NONNULL = YES;
				CLANG_ANALYZER_NUMBER_OBJECT_CONVERSION = YES_AGGRESSIVE;
				CLANG_CXX_LANGUAGE_STANDARD = "gnu++14";
				CLANG_CXX_LIBRARY = "libc++";
				CLANG_ENABLE_MODULES = YES;
				CLANG_ENABLE_OBJC_ARC = YES;
				CLANG_WARN_BLOCK_CAPTURE_AUTORELEASING = YES;
				CLANG_WARN_BOOL_CONVERSION = YES;
				CLANG_WARN_COMMA = YES;
				CLANG_WARN_CONSTANT_CONVERSION = YES;
				CLANG_WARN_DIRECT_OBJC_ISA_USAGE = YES_ERROR;
				CLANG_WARN_DOCUMENTATION_COMMENTS = YES;
				CLANG_WARN_EMPTY_BODY = YES;
				CLANG_WARN_ENUM_CONVERSION = YES;
				CLANG_WARN_INFINITE_RECURSION = YES;
				CLANG_WARN_INT_CONVERSION = YES;
				CLANG_WARN_NON_LITERAL_NULL_CONVERSION = YES;
				CLANG_WARN_OBJC_LITERAL_CONVERSION = YES;
				CLANG_WARN_OBJC_ROOT_CLASS = YES_ERROR;
				CLANG_WARN_RANGE_LOOP_ANALYSIS = YES;
				CLANG_WARN_STRICT_PROTOTYPES = YES;
				CLANG_WARN_SUSPICIOUS_MOVE = YES;
				CLANG_WARN_UNGUARDED_AVAILABILITY = YES_AGGRESSIVE;
				CLANG_WARN_UNREACHABLE_CODE = YES;
				CLANG_WARN__DUPLICATE_METHOD_MATCH = YES;
				CODE_SIGN_IDENTITY = "iPhone Developer";
				COPY_PHASE_STRIP = NO;
				DEBUG_INFORMATION_FORMAT = "dwarf-with-dsym";
				ENABLE_NS_ASSERTIONS = NO;
				ENABLE_STRICT_OBJC_MSGSEND = YES;
				GCC_C_LANGUAGE_STANDARD = gnu11;
				GCC_NO_COMMON_BLOCKS = YES;
				GCC_WARN_64_TO_32_BIT_CONVERSION = YES;
				GCC_WARN_ABOUT_RETURN_TYPE = YES_ERROR;
				GCC_WARN_UNDECLARED_SELECTOR = YES;
				GCC_WARN_UNINITIALIZED_AUTOS = YES_AGGRESSIVE;
				GCC_WARN_UNUSED_FUNCTION = YES;
				GCC_WARN_UNUSED_VARIABLE = YES;
				IPHONEOS_DEPLOYMENT_TARGET = 11.2;
				MTL_ENABLE_DEBUG_INFO = NO;
				SDKROOT = iphoneos;
				SWIFT_OPTIMIZATION_LEVEL = "-Owholemodule";
				VALIDATE_PRODUCT = YES;
			};
			name = Release;
		};
		F4832BFA205E42C5003FA12D /* Debug */ = {
			isa = XCBuildConfiguration;
			baseConfigurationReference = 055CC1CEBED650D394CBA01F /* Pods-Breakpoint.debug.xcconfig */;
			buildSettings = {
				ASSETCATALOG_COMPILER_APPICON_NAME = AppIcon;
				CODE_SIGN_STYLE = Automatic;
				DEVELOPMENT_TEAM = 7G8EV52YPP;
				INFOPLIST_FILE = Breakpoint/Info.plist;
				LD_RUNPATH_SEARCH_PATHS = "$(inherited) @executable_path/Frameworks";
				PRODUCT_BUNDLE_IDENTIFIER = com.palacios.Breakpoint;
				PRODUCT_NAME = "$(TARGET_NAME)";
				SWIFT_VERSION = 4.0;
				TARGETED_DEVICE_FAMILY = "1,2";
			};
			name = Debug;
		};
		F4832BFB205E42C5003FA12D /* Release */ = {
			isa = XCBuildConfiguration;
			baseConfigurationReference = 11CE3F069FD4FC4DD0B7AA41 /* Pods-Breakpoint.release.xcconfig */;
			buildSettings = {
				ASSETCATALOG_COMPILER_APPICON_NAME = AppIcon;
				CODE_SIGN_STYLE = Automatic;
				DEVELOPMENT_TEAM = 7G8EV52YPP;
				INFOPLIST_FILE = Breakpoint/Info.plist;
				LD_RUNPATH_SEARCH_PATHS = "$(inherited) @executable_path/Frameworks";
				PRODUCT_BUNDLE_IDENTIFIER = com.palacios.Breakpoint;
				PRODUCT_NAME = "$(TARGET_NAME)";
				SWIFT_VERSION = 4.0;
				TARGETED_DEVICE_FAMILY = "1,2";
			};
			name = Release;
		};
/* End XCBuildConfiguration section */

/* Begin XCConfigurationList section */
		F4832BE0205E42C5003FA12D /* Build configuration list for PBXProject "Breakpoint" */ = {
			isa = XCConfigurationList;
			buildConfigurations = (
				F4832BF7205E42C5003FA12D /* Debug */,
				F4832BF8205E42C5003FA12D /* Release */,
			);
			defaultConfigurationIsVisible = 0;
			defaultConfigurationName = Release;
		};
		F4832BF9205E42C5003FA12D /* Build configuration list for PBXNativeTarget "Breakpoint" */ = {
			isa = XCConfigurationList;
			buildConfigurations = (
				F4832BFA205E42C5003FA12D /* Debug */,
				F4832BFB205E42C5003FA12D /* Release */,
			);
			defaultConfigurationIsVisible = 0;
			defaultConfigurationName = Release;
		};
/* End XCConfigurationList section */
	};
	rootObject = F4832BDD205E42C5003FA12D /* Project object */;
}
